
Microsoft Visual Studio Solution File, Format Version 12.00
# Visual Studio Version 17
VisualStudioVersion = 17.11.35327.3
MinimumVisualStudioVersion = 10.0.40219.1
Project("{FAE04EC0-301F-11D3-BF4B-00C04F79EFBC}") = "5.CondicionalAnidado", "5.CondicionalAnidado\5.CondicionalAnidado.csproj", "{5264F2F6-8F84-4955-8613-42B8BEF60212}"
EndProject
Global
	GlobalSection(SolutionConfigurationPlatforms) = preSolution
		Debug|Any CPU = Debug|Any CPU
		Release|Any CPU = Release|Any CPU
	EndGlobalSection
	GlobalSection(ProjectConfigurationPlatforms) = postSolution
		{5264F2F6-8F84-4955-8613-42B8BEF60212}.Debug|Any CPU.ActiveCfg = Debug|Any CPU
		{5264F2F6-8F84-4955-8613-42B8BEF60212}.Debug|Any CPU.Build.0 = Debug|Any CPU
		{5264F2F6-8F84-4955-8613-42B8BEF60212}.Release|Any CPU.ActiveCfg = Release|Any CPU
		{5264F2F6-8F84-4955-8613-42B8BEF60212}.Release|Any CPU.Build.0 = Release|Any CPU
	EndGlobalSection
	GlobalSection(SolutionProperties) = preSolution
		HideSolutionNode = FALSE
	EndGlobalSection
	GlobalSection(ExtensibilityGlobals) = postSolution
		SolutionGuid = {D796FA32-893B-4DDD-8879-0DBB65080E2A}
	EndGlobalSection
EndGlobal
